
Microsoft Visual Studio Solution File, Format Version 12.00
# Visual Studio Version 17
VisualStudioVersion = 17.4.33103.184
MinimumVisualStudioVersion = 10.0.40219.1
Project("{FAE04EC0-301F-11D3-BF4B-00C04F79EFBC}") = "WindowScreenshotWPF", "WindowScreenshotWPF.csproj", "{61C395F8-CD15-4EBD-9670-D5B768B157D5}"
EndProject
Global
	GlobalSection(SolutionConfigurationPlatforms) = preSolution
		Debug|Any CPU = Debug|Any CPU
		Release|Any CPU = Release|Any CPU
	EndGlobalSection
	GlobalSection(ProjectConfigurationPlatforms) = postSolution
		{61C395F8-CD15-4EBD-9670-D5B768B157D5}.Debug|Any CPU.ActiveCfg = Debug|Any CPU
		{61C395F8-CD15-4EBD-9670-D5B768B157D5}.Debug|Any CPU.Build.0 = Debug|Any CPU
		{61C395F8-CD15-4EBD-9670-D5B768B157D5}.Release|Any CPU.ActiveCfg = Release|Any CPU
		{61C395F8-CD15-4EBD-9670-D5B768B157D5}.Release|Any CPU.Build.0 = Release|Any CPU
	EndGlobalSection
	GlobalSection(SolutionProperties) = preSolution
		HideSolutionNode = FALSE
	EndGlobalSection
	GlobalSection(ExtensibilityGlobals) = postSolution
		SolutionGuid = {AF94F233-00BC-43FA-84F9-8BB70B0C1AA6}
	EndGlobalSection
EndGlobal
