
Microsoft Visual Studio Solution File, Format Version 12.00
# Visual Studio Version 17
VisualStudioVersion = 17.4.33103.184
MinimumVisualStudioVersion = 10.0.40219.1
Project("{FAE04EC0-301F-11D3-BF4B-00C04F79EFBC}") = "WpfApp", "WpfApp.csproj", "{5D67F488-F087-40DB-ABE8-66216A46E5EC}"
EndProject
Global
	GlobalSection(SolutionConfigurationPlatforms) = preSolution
		Debug|Any CPU = Debug|Any CPU
		Release|Any CPU = Release|Any CPU
	EndGlobalSection
	GlobalSection(ProjectConfigurationPlatforms) = postSolution
		{5D67F488-F087-40DB-ABE8-66216A46E5EC}.Debug|Any CPU.ActiveCfg = Debug|Any CPU
		{5D67F488-F087-40DB-ABE8-66216A46E5EC}.Debug|Any CPU.Build.0 = Debug|Any CPU
		{5D67F488-F087-40DB-ABE8-66216A46E5EC}.Release|Any CPU.ActiveCfg = Release|Any CPU
		{5D67F488-F087-40DB-ABE8-66216A46E5EC}.Release|Any CPU.Build.0 = Release|Any CPU
	EndGlobalSection
	GlobalSection(SolutionProperties) = preSolution
		HideSolutionNode = FALSE
	EndGlobalSection
	GlobalSection(ExtensibilityGlobals) = postSolution
		SolutionGuid = {C0BBBCBA-8ECE-4159-B0D7-390A51CB6A90}
	EndGlobalSection
EndGlobal
