<?xml version="1.0" encoding="utf-8"?>
<Project ToolsVersion="4.0" xmlns="http://schemas.microsoft.com/developer/msbuild/2003">
  <ItemGroup>
    <Filter Include="Source Files">
      <UniqueIdentifier>{4FC737F1-C7A5-4376-A066-2A32D752A2FF}</UniqueIdentifier>
      <Extensions>cpp;c;cc;cxx;c++;cppm;ixx;def;odl;idl;hpj;bat;asm;asmx</Extensions>
    </Filter>
    <Filter Include="Header Files">
      <UniqueIdentifier>{93995380-89BD-4b04-88EB-625FBE52EBFB}</UniqueIdentifier>
      <Extensions>h;hh;hpp;hxx;h++;hm;inl;inc;ipp;xsd</Extensions>
    </Filter>
    <Filter Include="Resource Files">
      <UniqueIdentifier>{67DA6AB6-F800-4c08-8B7A-83BB121AAD01}</UniqueIdentifier>
      <Extensions>rc;ico;cur;bmp;dlg;rc2;rct;bin;rgs;gif;jpg;jpeg;jpe;resx;tiff;tif;png;wav;mfcribbon-ms</Extensions>
    </Filter>
    <Filter Include="Header Files\inc">
      <UniqueIdentifier>{5f96662a-6a94-4398-8a4f-d47cfa3f9994}</UniqueIdentifier>
    </Filter>
    <Filter Include="Header Files\impl">
      <UniqueIdentifier>{25275ecb-4d60-4b45-9289-9ccb9ff30a21}</UniqueIdentifier>
    </Filter>
    <Filter Include="Source Files\impl">
      <UniqueIdentifier>{b547ddae-5e6d-4e77-a16d-a34a3eacb8de}</UniqueIdentifier>
    </Filter>
  </ItemGroup>
  <ItemGroup>
    <None Include="cpp.hint" />
    <None Include="inc\wpptrace.ini">
      <Filter>Header Files\inc</Filter>
    </None>
  </ItemGroup>
  <ItemGroup>
    <ClInclude Include="framework.h">
      <Filter>Header Files</Filter>
    </ClInclude>
    <ClInclude Include="pch.h">
      <Filter>Header Files</Filter>
    </ClInclude>
    <ClInclude Include="hidutils.h">
      <Filter>Header Files</Filter>
    </ClInclude>
    <ClInclude Include="inc\auto_handle.h">
      <Filter>Header Files\inc</Filter>
    </ClInclude>
    <ClInclude Include="inc\contract.h">
      <Filter>Header Files\inc</Filter>
    </ClInclude>
    <ClInclude Include="inc\faultinjection.h">
      <Filter>Header Files\inc</Filter>
    </ClInclude>
    <ClInclude Include="inc\constants.h">
      <Filter>Header Files\inc</Filter>
    </ClInclude>
    <ClInclude Include="inc\wpptrace.h">
      <Filter>Header Files\inc</Filter>
    </ClInclude>
    <ClInclude Include="profileoperation.h">
      <Filter>Header Files</Filter>
    </ClInclude>
    <ClInclude Include="window.h">
      <Filter>Header Files</Filter>
    </ClInclude>
    <ClInclude Include="hotplugbulletin.h">
      <Filter>Header Files</Filter>
    </ClInclude>
    <ClInclude Include="inc\abstractdevicechangebulletin.h">
      <Filter>Header Files\inc</Filter>
    </ClInclude>
    <ClInclude Include="profiledevice.h">
      <Filter>Header Files</Filter>
    </ClInclude>
    <ClInclude Include="profile.h">
      <Filter>Header Files</Filter>
    </ClInclude>
    <ClInclude Include="wmiinfo.h">
      <Filter>Header Files</Filter>
    </ClInclude>
    <ClInclude Include="comimpl.h">
      <Filter>Header Files\impl</Filter>
    </ClInclude>
    <ClInclude Include="wmiimpl.h">
      <Filter>Header Files\impl</Filter>
    </ClInclude>
    <ClInclude Include="inc\updatemanager.h">
      <Filter>Header Files\inc</Filter>
    </ClInclude>
    <ClInclude Include="updateimpl.h">
      <Filter>Header Files\impl</Filter>
    </ClInclude>
  </ItemGroup>
  <ItemGroup>
    <ClCompile Include="dllmain.cpp">
      <Filter>Source Files</Filter>
    </ClCompile>
    <ClCompile Include="pch.cpp">
      <Filter>Source Files</Filter>
    </ClCompile>
    <ClCompile Include="hidutils.cpp">
      <Filter>Source Files</Filter>
    </ClCompile>
    <ClCompile Include="profileoperation.cpp">
      <Filter>Source Files</Filter>
    </ClCompile>
    <ClCompile Include="window.cpp">
      <Filter>Source Files</Filter>
    </ClCompile>
    <ClCompile Include="hotplugbulletin.cpp">
      <Filter>Source Files</Filter>
    </ClCompile>
    <ClCompile Include="profiledevice.cpp">
      <Filter>Source Files</Filter>
    </ClCompile>
    <ClCompile Include="wmiinfo.cpp">
      <Filter>Source Files</Filter>
    </ClCompile>
    <ClCompile Include="comimpl.cpp">
      <Filter>Source Files\impl</Filter>
    </ClCompile>
    <ClCompile Include="wmiimpl.cpp">
      <Filter>Source Files\impl</Filter>
    </ClCompile>
    <ClCompile Include="updateimpl.cpp">
      <Filter>Source Files\impl</Filter>
    </ClCompile>
  </ItemGroup>
</Project>